
Microsoft Visual Studio Solution File, Format Version 12.00
# Visual Studio 14
VisualStudioVersion = 14.0.24720.0
MinimumVisualStudioVersion = 10.0.40219.1
Project("{FAE04EC0-301F-11D3-BF4B-00C04F79EFBC}") = "PizzaMan.Core", "PizzaMan.Core\PizzaMan.Core.csproj", "{195DFA22-6EBC-4879-BD10-2EC9A7AC8631}"
EndProject
Project("{E24C65DC-7377-472B-9ABA-BC803B73C61A}") = "PizzaMan.Web", "..\PizzaMan.Web\", "{62592C76-73BE-48E3-B765-E2CCD3E8B425}"
	ProjectSection(WebsiteProperties) = preProject
		TargetFrameworkMoniker = ".NETFramework,Version%3Dv4.5.2"
		Debug.AspNetCompiler.VirtualPath = "/localhost_49923"
		Debug.AspNetCompiler.PhysicalPath = "..\PizzaMan.Web\"
		Debug.AspNetCompiler.TargetPath = "PrecompiledWeb\localhost_49923\"
		Debug.AspNetCompiler.Updateable = "true"
		Debug.AspNetCompiler.ForceOverwrite = "true"
		Debug.AspNetCompiler.FixedNames = "false"
		Debug.AspNetCompiler.Debug = "True"
		Release.AspNetCompiler.VirtualPath = "/localhost_49923"
		Release.AspNetCompiler.PhysicalPath = "..\PizzaMan.Web\"
		Release.AspNetCompiler.TargetPath = "PrecompiledWeb\localhost_49923\"
		Release.AspNetCompiler.Updateable = "true"
		Release.AspNetCompiler.ForceOverwrite = "true"
		Release.AspNetCompiler.FixedNames = "false"
		Release.AspNetCompiler.Debug = "False"
		VWDPort = "49923"
		SlnRelativePath = "..\PizzaMan.Web\"
		DefaultWebSiteLanguage = "Visual C#"
	EndProjectSection
EndProject
Project("{FAE04EC0-301F-11D3-BF4B-00C04F79EFBC}") = "PizzaMan.API", "PizzaMan.API\PizzaMan.API.csproj", "{C02F1C44-450C-409A-9AF1-E1BCB087F3D6}"
EndProject
Project("{FAE04EC0-301F-11D3-BF4B-00C04F79EFBC}") = "PizzaMan.Data", "PizzaMan.DATA\PizzaMan.Data.csproj", "{891BE25A-2164-49D6-BFCB-89D8DD1DE3DA}"
EndProject
Project("{E24C65DC-7377-472B-9ABA-BC803B73C61A}") = "PizzaMan.Admin.Web", "..\PizzaMan.Admin.Web\", "{B8A4AEC6-32A9-423F-958A-8F46AD48344D}"
	ProjectSection(WebsiteProperties) = preProject
		TargetFrameworkMoniker = ".NETFramework,Version%3Dv4.5.2"
		Debug.AspNetCompiler.VirtualPath = "/localhost_57388"
		Debug.AspNetCompiler.PhysicalPath = "..\PizzaMan.Admin.Web\"
		Debug.AspNetCompiler.TargetPath = "PrecompiledWeb\localhost_57388\"
		Debug.AspNetCompiler.Updateable = "true"
		Debug.AspNetCompiler.ForceOverwrite = "true"
		Debug.AspNetCompiler.FixedNames = "false"
		Debug.AspNetCompiler.Debug = "True"
		Release.AspNetCompiler.VirtualPath = "/localhost_57388"
		Release.AspNetCompiler.PhysicalPath = "..\PizzaMan.Admin.Web\"
		Release.AspNetCompiler.TargetPath = "PrecompiledWeb\localhost_57388\"
		Release.AspNetCompiler.Updateable = "true"
		Release.AspNetCompiler.ForceOverwrite = "true"
		Release.AspNetCompiler.FixedNames = "false"
		Release.AspNetCompiler.Debug = "False"
		VWDPort = "57388"
		SlnRelativePath = "..\PizzaMan.Admin.Web\"
		DefaultWebSiteLanguage = "Visual C#"
	EndProjectSection
EndProject
Global
	GlobalSection(SolutionConfigurationPlatforms) = preSolution
		Debug|Any CPU = Debug|Any CPU
		Release|Any CPU = Release|Any CPU
	EndGlobalSection
	GlobalSection(ProjectConfigurationPlatforms) = postSolution
		{195DFA22-6EBC-4879-BD10-2EC9A7AC8631}.Debug|Any CPU.ActiveCfg = Debug|Any CPU
		{195DFA22-6EBC-4879-BD10-2EC9A7AC8631}.Debug|Any CPU.Build.0 = Debug|Any CPU
		{195DFA22-6EBC-4879-BD10-2EC9A7AC8631}.Release|Any CPU.ActiveCfg = Release|Any CPU
		{195DFA22-6EBC-4879-BD10-2EC9A7AC8631}.Release|Any CPU.Build.0 = Release|Any CPU
		{62592C76-73BE-48E3-B765-E2CCD3E8B425}.Debug|Any CPU.ActiveCfg = Debug|Any CPU
		{62592C76-73BE-48E3-B765-E2CCD3E8B425}.Debug|Any CPU.Build.0 = Debug|Any CPU
		{62592C76-73BE-48E3-B765-E2CCD3E8B425}.Release|Any CPU.ActiveCfg = Debug|Any CPU
		{62592C76-73BE-48E3-B765-E2CCD3E8B425}.Release|Any CPU.Build.0 = Debug|Any CPU
		{C02F1C44-450C-409A-9AF1-E1BCB087F3D6}.Debug|Any CPU.ActiveCfg = Debug|Any CPU
		{C02F1C44-450C-409A-9AF1-E1BCB087F3D6}.Debug|Any CPU.Build.0 = Debug|Any CPU
		{C02F1C44-450C-409A-9AF1-E1BCB087F3D6}.Release|Any CPU.ActiveCfg = Release|Any CPU
		{C02F1C44-450C-409A-9AF1-E1BCB087F3D6}.Release|Any CPU.Build.0 = Release|Any CPU
		{891BE25A-2164-49D6-BFCB-89D8DD1DE3DA}.Debug|Any CPU.ActiveCfg = Debug|Any CPU
		{891BE25A-2164-49D6-BFCB-89D8DD1DE3DA}.Debug|Any CPU.Build.0 = Debug|Any CPU
		{891BE25A-2164-49D6-BFCB-89D8DD1DE3DA}.Release|Any CPU.ActiveCfg = Release|Any CPU
		{891BE25A-2164-49D6-BFCB-89D8DD1DE3DA}.Release|Any CPU.Build.0 = Release|Any CPU
		{B8A4AEC6-32A9-423F-958A-8F46AD48344D}.Debug|Any CPU.ActiveCfg = Debug|Any CPU
		{B8A4AEC6-32A9-423F-958A-8F46AD48344D}.Debug|Any CPU.Build.0 = Debug|Any CPU
		{B8A4AEC6-32A9-423F-958A-8F46AD48344D}.Release|Any CPU.ActiveCfg = Debug|Any CPU
		{B8A4AEC6-32A9-423F-958A-8F46AD48344D}.Release|Any CPU.Build.0 = Debug|Any CPU
	EndGlobalSection
	GlobalSection(SolutionProperties) = preSolution
		HideSolutionNode = FALSE
	EndGlobalSection
EndGlobal
